
Microsoft Visual Studio Solution File, Format Version 12.00
# Visual Studio 14
VisualStudioVersion = 14.0.23107.0
MinimumVisualStudioVersion = 10.0.40219.1
Project("{FAE04EC0-301F-11D3-BF4B-00C04F79EFBC}") = "CJ.Class", "CJ.Class\CJ.Class.csproj", "{2344AC43-0FA4-41BB-8416-B9C875FB491C}"
EndProject
Project("{FAE04EC0-301F-11D3-BF4B-00C04F79EFBC}") = "CJ.Report", "CJ.Report\CJ.Report.csproj", "{1CB1D426-DDE5-47D8-8AA5-D82EE3B70EF3}"
EndProject
Project("{E24C65DC-7377-472B-9ABA-BC803B73C61A}") = "CJ.Web", "CJ.Web", "{E90D3285-DA1F-4303-8764-FFA13E3C6C8F}"
	ProjectSection(WebsiteProperties) = preProject
		SccProjectName = ""$/CasperJet", BAAAAAAA"
		SccAuxPath = ""
		SccLocalPath = ".."
		SccProvider = "MSSCCI:Microsoft Visual SourceSafe"
		TargetFrameworkMoniker = ".NETFramework,Version%3Dv4.5.1"
		ProjectReferences = "{2344AC43-0FA4-41BB-8416-B9C875FB491C}|CJ.Class.dll;{1CB1D426-DDE5-47D8-8AA5-D82EE3B70EF3}|CJ.Report.dll;"
		Debug.AspNetCompiler.VirtualPath = "/CJ.Web"
		Debug.AspNetCompiler.PhysicalPath = "CJ.Web\"
		Debug.AspNetCompiler.TargetPath = "PrecompiledWeb\CJ.Web\"
		Debug.AspNetCompiler.Updateable = "true"
		Debug.AspNetCompiler.ForceOverwrite = "true"
		Debug.AspNetCompiler.FixedNames = "false"
		Debug.AspNetCompiler.Debug = "True"
		Release.AspNetCompiler.VirtualPath = "/CJ.Web"
		Release.AspNetCompiler.PhysicalPath = "CJ.Web\"
		Release.AspNetCompiler.TargetPath = "PrecompiledWeb\CJ.Web\"
		Release.AspNetCompiler.Updateable = "true"
		Release.AspNetCompiler.ForceOverwrite = "true"
		Release.AspNetCompiler.FixedNames = "false"
		Release.AspNetCompiler.Debug = "False"
		VWDPort = "52996"
		SlnRelativePath = "CJ.Web\"
	EndProjectSection
EndProject
Project("{FAE04EC0-301F-11D3-BF4B-00C04F79EFBC}") = "CJ.Doc", "CJ.Doc\CJ.Doc.csproj", "{E05BC266-197C-485F-B5C0-9610C9BBF20E}"
EndProject
Project("{FAE04EC0-301F-11D3-BF4B-00C04F79EFBC}") = "CJ.POS", "CJ.POS\CJ.POS.csproj", "{ED2A13B5-195D-47B5-91F3-8C56CC15B353}"
EndProject
Project("{E24C65DC-7377-472B-9ABA-BC803B73C61A}") = "CJ.WS", "CJ.WS", "{BB57C98E-9A44-4A90-B260-D5770848264B}"
	ProjectSection(WebsiteProperties) = preProject
		SccProjectName = ""$/CasperJet", BAAAAAAA"
		SccAuxPath = ""
		SccLocalPath = ".."
		SccProvider = "MSSCCI:Microsoft Visual SourceSafe"
		TargetFrameworkMoniker = ".NETFramework,Version%3Dv4.5.1"
		ProjectReferences = "{2344AC43-0FA4-41BB-8416-B9C875FB491C}|CJ.Class.dll;{1CB1D426-DDE5-47D8-8AA5-D82EE3B70EF3}|CJ.Report.dll;{E05BC266-197C-485F-B5C0-9610C9BBF20E}|CJ.Doc.dll;"
		Debug.AspNetCompiler.VirtualPath = "/CJ.WS"
		Debug.AspNetCompiler.PhysicalPath = "CJ.WS\"
		Debug.AspNetCompiler.TargetPath = "PrecompiledWeb\CJ.WS\"
		Debug.AspNetCompiler.Updateable = "true"
		Debug.AspNetCompiler.ForceOverwrite = "true"
		Debug.AspNetCompiler.FixedNames = "false"
		Debug.AspNetCompiler.Debug = "True"
		Release.AspNetCompiler.VirtualPath = "/CJ.WS"
		Release.AspNetCompiler.PhysicalPath = "CJ.WS\"
		Release.AspNetCompiler.TargetPath = "PrecompiledWeb\CJ.WS\"
		Release.AspNetCompiler.Updateable = "true"
		Release.AspNetCompiler.ForceOverwrite = "true"
		Release.AspNetCompiler.FixedNames = "false"
		Release.AspNetCompiler.Debug = "False"
		VWDPort = "53002"
		SlnRelativePath = "CJ.WS\"
		DefaultWebSiteLanguage = "Visual C#"
	EndProjectSection
EndProject
Project("{FAE04EC0-301F-11D3-BF4B-00C04F79EFBC}") = "CJ.Control", "CJ.Control\CJ.Control.csproj", "{15559F63-7594-4E28-A3AD-F1AFFC12D431}"
EndProject
Project("{FAE04EC0-301F-11D3-BF4B-00C04F79EFBC}") = "TEL.SMS.BO", "TEL.SMS.BO\TEL.SMS.BO.csproj", "{FAD0B2F1-41AA-4BF8-9E48-A3BBD0813DD4}"
EndProject
Project("{FAE04EC0-301F-11D3-BF4B-00C04F79EFBC}") = "TEL.SMS.Reports", "TEL.SMS.Reports\TEL.SMS.Reports.csproj", "{1A1F4500-EBB0-49BC-AB06-CEB9FA271E98}"
EndProject
Project("{FAE04EC0-301F-11D3-BF4B-00C04F79EFBC}") = "TEL.SMS.UI.Win", "TEL.SMS.UI.Win\TEL.SMS.UI.Win.csproj", "{1D676563-0E9E-4E69-BA16-C8B2933447E2}"
EndProject
Project("{E24C65DC-7377-472B-9ABA-BC803B73C61A}") = "CJ.JSON", "CJ.JSON", "{CE6F0A21-CDCA-4AE9-AF85-4ED2B2F60F2F}"
	ProjectSection(WebsiteProperties) = preProject
		SccProjectName = ""$/CasperJet", BAAAAAAA"
		SccAuxPath = ""
		SccLocalPath = ".."
		SccProvider = "MSSCCI:Microsoft Visual SourceSafe"
		TargetFrameworkMoniker = ".NETFramework,Version%3Dv2.0"
		ProjectReferences = "{2344AC43-0FA4-41BB-8416-B9C875FB491C}|CJ.Class.dll;{1CB1D426-DDE5-47D8-8AA5-D82EE3B70EF3}|CJ.Report.dll;"
		Debug.AspNetCompiler.VirtualPath = "/CJ.JSON"
		Debug.AspNetCompiler.PhysicalPath = "CJ.JSON\"
		Debug.AspNetCompiler.TargetPath = "PrecompiledWeb\CJ.JSON\"
		Debug.AspNetCompiler.Updateable = "true"
		Debug.AspNetCompiler.ForceOverwrite = "true"
		Debug.AspNetCompiler.FixedNames = "false"
		Debug.AspNetCompiler.Debug = "True"
		Release.AspNetCompiler.VirtualPath = "/CJ.JSON"
		Release.AspNetCompiler.PhysicalPath = "CJ.JSON\"
		Release.AspNetCompiler.TargetPath = "PrecompiledWeb\CJ.JSON\"
		Release.AspNetCompiler.Updateable = "true"
		Release.AspNetCompiler.ForceOverwrite = "true"
		Release.AspNetCompiler.FixedNames = "false"
		Release.AspNetCompiler.Debug = "False"
		VWDPort = "53005"
		SlnRelativePath = "CJ.JSON\"
		DefaultWebSiteLanguage = "Visual C#"
	EndProjectSection
EndProject
Project("{FAE04EC0-301F-11D3-BF4B-00C04F79EFBC}") = "CJ.Win", "CJ.Win\CJ.Win.csproj", "{543C3138-094E-4885-8FDF-743416AD926C}"
EndProject
Project("{E24C65DC-7377-472B-9ABA-BC803B73C61A}") = "CJ.Web.POS", "CJ.Web.POS", "{E4486250-E5FF-46E2-BAE3-81C4CDCD3347}"
	ProjectSection(WebsiteProperties) = preProject
		SccProjectName = ""$/CasperJet", BAAAAAAA"
		SccAuxPath = ""
		SccLocalPath = ".."
		SccProvider = "MSSCCI:Microsoft Visual SourceSafe"
		TargetFrameworkMoniker = ".NETFramework,Version%3Dv4.0"
		Debug.AspNetCompiler.VirtualPath = "/CJ.Web.POS"
		Debug.AspNetCompiler.PhysicalPath = "CJ.Web.POS\"
		Debug.AspNetCompiler.TargetPath = "PrecompiledWeb\CJ.Web.POS\"
		Debug.AspNetCompiler.Updateable = "true"
		Debug.AspNetCompiler.ForceOverwrite = "true"
		Debug.AspNetCompiler.FixedNames = "false"
		Debug.AspNetCompiler.Debug = "True"
		Release.AspNetCompiler.VirtualPath = "/CJ.Web.POS"
		Release.AspNetCompiler.PhysicalPath = "CJ.Web.POS\"
		Release.AspNetCompiler.TargetPath = "PrecompiledWeb\CJ.Web.POS\"
		Release.AspNetCompiler.Updateable = "true"
		Release.AspNetCompiler.ForceOverwrite = "true"
		Release.AspNetCompiler.FixedNames = "false"
		Release.AspNetCompiler.Debug = "False"
		VWDPort = "53008"
		SlnRelativePath = "CJ.Web.POS\"
		DefaultWebSiteLanguage = "Visual C#"
	EndProjectSection
EndProject
Project("{FAE04EC0-301F-11D3-BF4B-00C04F79EFBC}") = "CJ.Report.Mini", "CJ.Report.Mini\CJ.Report.Mini.csproj", "{8736F688-68CE-428D-B08B-59D6B9BB0C36}"
EndProject
Project("{FAE04EC0-301F-11D3-BF4B-00C04F79EFBC}") = "EmailSheduler", "EmailSheduler\EmailSheduler.csproj", "{23C489E5-B7B9-4F4E-97B3-EC86E92354B9}"
EndProject
Project("{FAE04EC0-301F-11D3-BF4B-00C04F79EFBC}") = "CJ.API", "CJ.API\CJ.API.csproj", "{4D3D7AD4-C682-4B06-A427-4BF11DDEB459}"
EndProject
Project("{FAE04EC0-301F-11D3-BF4B-00C04F79EFBC}") = "CJ.Factory", "CJ.Factory\CJ.Factory.csproj", "{470D5D71-F50D-4B6A-9867-5FDC72A47FC3}"
	ProjectSection(ProjectDependencies) = postProject
		{BB57C98E-9A44-4A90-B260-D5770848264B} = {BB57C98E-9A44-4A90-B260-D5770848264B}
	EndProjectSection
EndProject
Project("{FAE04EC0-301F-11D3-BF4B-00C04F79EFBC}") = "CJ.POS.RT", "CJ.POS.RT\CJ.POS.RT.csproj", "{C9B758AF-B072-4484-A98B-94447EAB7AB7}"
EndProject
Project("{FAE04EC0-301F-11D3-BF4B-00C04F79EFBC}") = "CJ.AttendanceProcess", "CJ.AttendanceProcess\CJ.AttendanceProcess.csproj", "{22E53774-3EA4-439C-9728-28EDD4BC704A}"
EndProject
Global
	GlobalSection(SolutionConfigurationPlatforms) = preSolution
		Debug|.NET = Debug|.NET
		Debug|Any CPU = Debug|Any CPU
		Debug|Mixed Platforms = Debug|Mixed Platforms
		Debug|x86 = Debug|x86
		Release|.NET = Release|.NET
		Release|Any CPU = Release|Any CPU
		Release|Mixed Platforms = Release|Mixed Platforms
		Release|x86 = Release|x86
	EndGlobalSection
	GlobalSection(ProjectConfigurationPlatforms) = postSolution
		{2344AC43-0FA4-41BB-8416-B9C875FB491C}.Debug|.NET.ActiveCfg = Debug|Any CPU
		{2344AC43-0FA4-41BB-8416-B9C875FB491C}.Debug|.NET.Build.0 = Debug|Any CPU
		{2344AC43-0FA4-41BB-8416-B9C875FB491C}.Debug|Any CPU.ActiveCfg = Debug|Any CPU
		{2344AC43-0FA4-41BB-8416-B9C875FB491C}.Debug|Any CPU.Build.0 = Debug|Any CPU
		{2344AC43-0FA4-41BB-8416-B9C875FB491C}.Debug|Mixed Platforms.ActiveCfg = Debug|Any CPU
		{2344AC43-0FA4-41BB-8416-B9C875FB491C}.Debug|Mixed Platforms.Build.0 = Debug|Any CPU
		{2344AC43-0FA4-41BB-8416-B9C875FB491C}.Debug|x86.ActiveCfg = Debug|Any CPU
		{2344AC43-0FA4-41BB-8416-B9C875FB491C}.Debug|x86.Build.0 = Debug|Any CPU
		{2344AC43-0FA4-41BB-8416-B9C875FB491C}.Release|.NET.ActiveCfg = Release|Any CPU
		{2344AC43-0FA4-41BB-8416-B9C875FB491C}.Release|.NET.Build.0 = Release|Any CPU
		{2344AC43-0FA4-41BB-8416-B9C875FB491C}.Release|Any CPU.ActiveCfg = Debug|Any CPU
		{2344AC43-0FA4-41BB-8416-B9C875FB491C}.Release|Any CPU.Build.0 = Debug|Any CPU
		{2344AC43-0FA4-41BB-8416-B9C875FB491C}.Release|Mixed Platforms.ActiveCfg = Release|Any CPU
		{2344AC43-0FA4-41BB-8416-B9C875FB491C}.Release|Mixed Platforms.Build.0 = Release|Any CPU
		{2344AC43-0FA4-41BB-8416-B9C875FB491C}.Release|x86.ActiveCfg = Release|Any CPU
		{1CB1D426-DDE5-47D8-8AA5-D82EE3B70EF3}.Debug|.NET.ActiveCfg = Debug|Any CPU
		{1CB1D426-DDE5-47D8-8AA5-D82EE3B70EF3}.Debug|.NET.Build.0 = Debug|Any CPU
		{1CB1D426-DDE5-47D8-8AA5-D82EE3B70EF3}.Debug|Any CPU.ActiveCfg = Debug|Any CPU
		{1CB1D426-DDE5-47D8-8AA5-D82EE3B70EF3}.Debug|Any CPU.Build.0 = Debug|Any CPU
		{1CB1D426-DDE5-47D8-8AA5-D82EE3B70EF3}.Debug|Mixed Platforms.ActiveCfg = Debug|Any CPU
		{1CB1D426-DDE5-47D8-8AA5-D82EE3B70EF3}.Debug|Mixed Platforms.Build.0 = Debug|Any CPU
		{1CB1D426-DDE5-47D8-8AA5-D82EE3B70EF3}.Debug|x86.ActiveCfg = Debug|Any CPU
		{1CB1D426-DDE5-47D8-8AA5-D82EE3B70EF3}.Debug|x86.Build.0 = Debug|Any CPU
		{1CB1D426-DDE5-47D8-8AA5-D82EE3B70EF3}.Release|.NET.ActiveCfg = Release|Any CPU
		{1CB1D426-DDE5-47D8-8AA5-D82EE3B70EF3}.Release|.NET.Build.0 = Release|Any CPU
		{1CB1D426-DDE5-47D8-8AA5-D82EE3B70EF3}.Release|Any CPU.ActiveCfg = Release|Any CPU
		{1CB1D426-DDE5-47D8-8AA5-D82EE3B70EF3}.Release|Any CPU.Build.0 = Release|Any CPU
		{1CB1D426-DDE5-47D8-8AA5-D82EE3B70EF3}.Release|Mixed Platforms.ActiveCfg = Release|Any CPU
		{1CB1D426-DDE5-47D8-8AA5-D82EE3B70EF3}.Release|Mixed Platforms.Build.0 = Release|Any CPU
		{1CB1D426-DDE5-47D8-8AA5-D82EE3B70EF3}.Release|x86.ActiveCfg = Release|Any CPU
		{E90D3285-DA1F-4303-8764-FFA13E3C6C8F}.Debug|.NET.ActiveCfg = Debug|Any CPU
		{E90D3285-DA1F-4303-8764-FFA13E3C6C8F}.Debug|.NET.Build.0 = Debug|Any CPU
		{E90D3285-DA1F-4303-8764-FFA13E3C6C8F}.Debug|Any CPU.ActiveCfg = Debug|Any CPU
		{E90D3285-DA1F-4303-8764-FFA13E3C6C8F}.Debug|Mixed Platforms.ActiveCfg = Debug|Any CPU
		{E90D3285-DA1F-4303-8764-FFA13E3C6C8F}.Debug|Mixed Platforms.Build.0 = Debug|Any CPU
		{E90D3285-DA1F-4303-8764-FFA13E3C6C8F}.Debug|x86.ActiveCfg = Debug|Any CPU
		{E90D3285-DA1F-4303-8764-FFA13E3C6C8F}.Release|.NET.ActiveCfg = Debug|Any CPU
		{E90D3285-DA1F-4303-8764-FFA13E3C6C8F}.Release|.NET.Build.0 = Debug|Any CPU
		{E90D3285-DA1F-4303-8764-FFA13E3C6C8F}.Release|Any CPU.ActiveCfg = Debug|Any CPU
		{E90D3285-DA1F-4303-8764-FFA13E3C6C8F}.Release|Any CPU.Build.0 = Debug|Any CPU
		{E90D3285-DA1F-4303-8764-FFA13E3C6C8F}.Release|Mixed Platforms.ActiveCfg = Debug|Any CPU
		{E90D3285-DA1F-4303-8764-FFA13E3C6C8F}.Release|Mixed Platforms.Build.0 = Debug|Any CPU
		{E90D3285-DA1F-4303-8764-FFA13E3C6C8F}.Release|x86.ActiveCfg = Debug|Any CPU
		{E90D3285-DA1F-4303-8764-FFA13E3C6C8F}.Release|x86.Build.0 = Debug|Any CPU
		{E05BC266-197C-485F-B5C0-9610C9BBF20E}.Debug|.NET.ActiveCfg = Debug|Any CPU
		{E05BC266-197C-485F-B5C0-9610C9BBF20E}.Debug|.NET.Build.0 = Debug|Any CPU
		{E05BC266-197C-485F-B5C0-9610C9BBF20E}.Debug|Any CPU.ActiveCfg = Debug|Any CPU
		{E05BC266-197C-485F-B5C0-9610C9BBF20E}.Debug|Mixed Platforms.ActiveCfg = Debug|Any CPU
		{E05BC266-197C-485F-B5C0-9610C9BBF20E}.Debug|x86.ActiveCfg = Debug|Any CPU
		{E05BC266-197C-485F-B5C0-9610C9BBF20E}.Release|.NET.ActiveCfg = Release|Any CPU
		{E05BC266-197C-485F-B5C0-9610C9BBF20E}.Release|.NET.Build.0 = Release|Any CPU
		{E05BC266-197C-485F-B5C0-9610C9BBF20E}.Release|Any CPU.ActiveCfg = Release|Any CPU
		{E05BC266-197C-485F-B5C0-9610C9BBF20E}.Release|Any CPU.Build.0 = Release|Any CPU
		{E05BC266-197C-485F-B5C0-9610C9BBF20E}.Release|Mixed Platforms.ActiveCfg = Release|Any CPU
		{E05BC266-197C-485F-B5C0-9610C9BBF20E}.Release|Mixed Platforms.Build.0 = Release|Any CPU
		{E05BC266-197C-485F-B5C0-9610C9BBF20E}.Release|x86.ActiveCfg = Release|Any CPU
		{ED2A13B5-195D-47B5-91F3-8C56CC15B353}.Debug|.NET.ActiveCfg = Debug|Any CPU
		{ED2A13B5-195D-47B5-91F3-8C56CC15B353}.Debug|.NET.Build.0 = Debug|Any CPU
		{ED2A13B5-195D-47B5-91F3-8C56CC15B353}.Debug|Any CPU.ActiveCfg = Debug|x86
		{ED2A13B5-195D-47B5-91F3-8C56CC15B353}.Debug|Any CPU.Build.0 = Debug|x86
		{ED2A13B5-195D-47B5-91F3-8C56CC15B353}.Debug|Mixed Platforms.ActiveCfg = Debug|x86
		{ED2A13B5-195D-47B5-91F3-8C56CC15B353}.Debug|Mixed Platforms.Build.0 = Debug|x86
		{ED2A13B5-195D-47B5-91F3-8C56CC15B353}.Debug|x86.ActiveCfg = Debug|x86
		{ED2A13B5-195D-47B5-91F3-8C56CC15B353}.Debug|x86.Build.0 = Debug|x86
		{ED2A13B5-195D-47B5-91F3-8C56CC15B353}.Release|.NET.ActiveCfg = Release|Any CPU
		{ED2A13B5-195D-47B5-91F3-8C56CC15B353}.Release|.NET.Build.0 = Release|Any CPU
		{ED2A13B5-195D-47B5-91F3-8C56CC15B353}.Release|Any CPU.ActiveCfg = Release|Any CPU
		{ED2A13B5-195D-47B5-91F3-8C56CC15B353}.Release|Any CPU.Build.0 = Release|Any CPU
		{ED2A13B5-195D-47B5-91F3-8C56CC15B353}.Release|Mixed Platforms.ActiveCfg = Release|Any CPU
		{ED2A13B5-195D-47B5-91F3-8C56CC15B353}.Release|Mixed Platforms.Build.0 = Release|Any CPU
		{ED2A13B5-195D-47B5-91F3-8C56CC15B353}.Release|x86.ActiveCfg = Release|Any CPU
		{BB57C98E-9A44-4A90-B260-D5770848264B}.Debug|.NET.ActiveCfg = Debug|Any CPU
		{BB57C98E-9A44-4A90-B260-D5770848264B}.Debug|.NET.Build.0 = Debug|Any CPU
		{BB57C98E-9A44-4A90-B260-D5770848264B}.Debug|Any CPU.ActiveCfg = Debug|Any CPU
		{BB57C98E-9A44-4A90-B260-D5770848264B}.Debug|Mixed Platforms.ActiveCfg = Debug|Any CPU
		{BB57C98E-9A44-4A90-B260-D5770848264B}.Debug|x86.ActiveCfg = Debug|Any CPU
		{BB57C98E-9A44-4A90-B260-D5770848264B}.Debug|x86.Build.0 = Debug|Any CPU
		{BB57C98E-9A44-4A90-B260-D5770848264B}.Release|.NET.ActiveCfg = Debug|Any CPU
		{BB57C98E-9A44-4A90-B260-D5770848264B}.Release|.NET.Build.0 = Debug|Any CPU
		{BB57C98E-9A44-4A90-B260-D5770848264B}.Release|Any CPU.ActiveCfg = Debug|Any CPU
		{BB57C98E-9A44-4A90-B260-D5770848264B}.Release|Any CPU.Build.0 = Debug|Any CPU
		{BB57C98E-9A44-4A90-B260-D5770848264B}.Release|Mixed Platforms.ActiveCfg = Debug|Any CPU
		{BB57C98E-9A44-4A90-B260-D5770848264B}.Release|Mixed Platforms.Build.0 = Debug|Any CPU
		{BB57C98E-9A44-4A90-B260-D5770848264B}.Release|x86.ActiveCfg = Debug|Any CPU
		{BB57C98E-9A44-4A90-B260-D5770848264B}.Release|x86.Build.0 = Debug|Any CPU
		{15559F63-7594-4E28-A3AD-F1AFFC12D431}.Debug|.NET.ActiveCfg = Debug|Any CPU
		{15559F63-7594-4E28-A3AD-F1AFFC12D431}.Debug|.NET.Build.0 = Debug|Any CPU
		{15559F63-7594-4E28-A3AD-F1AFFC12D431}.Debug|Any CPU.ActiveCfg = Debug|Any CPU
		{15559F63-7594-4E28-A3AD-F1AFFC12D431}.Debug|Any CPU.Build.0 = Debug|Any CPU
		{15559F63-7594-4E28-A3AD-F1AFFC12D431}.Debug|Mixed Platforms.ActiveCfg = Debug|Any CPU
		{15559F63-7594-4E28-A3AD-F1AFFC12D431}.Debug|Mixed Platforms.Build.0 = Debug|Any CPU
		{15559F63-7594-4E28-A3AD-F1AFFC12D431}.Debug|x86.ActiveCfg = Debug|Any CPU
		{15559F63-7594-4E28-A3AD-F1AFFC12D431}.Debug|x86.Build.0 = Debug|Any CPU
		{15559F63-7594-4E28-A3AD-F1AFFC12D431}.Release|.NET.ActiveCfg = Release|Any CPU
		{15559F63-7594-4E28-A3AD-F1AFFC12D431}.Release|.NET.Build.0 = Release|Any CPU
		{15559F63-7594-4E28-A3AD-F1AFFC12D431}.Release|Any CPU.ActiveCfg = Debug|Any CPU
		{15559F63-7594-4E28-A3AD-F1AFFC12D431}.Release|Any CPU.Build.0 = Debug|Any CPU
		{15559F63-7594-4E28-A3AD-F1AFFC12D431}.Release|Mixed Platforms.ActiveCfg = Release|Any CPU
		{15559F63-7594-4E28-A3AD-F1AFFC12D431}.Release|Mixed Platforms.Build.0 = Release|Any CPU
		{15559F63-7594-4E28-A3AD-F1AFFC12D431}.Release|x86.ActiveCfg = Release|Any CPU
		{FAD0B2F1-41AA-4BF8-9E48-A3BBD0813DD4}.Debug|.NET.ActiveCfg = Debug|Any CPU
		{FAD0B2F1-41AA-4BF8-9E48-A3BBD0813DD4}.Debug|Any CPU.ActiveCfg = Debug|Any CPU
		{FAD0B2F1-41AA-4BF8-9E48-A3BBD0813DD4}.Debug|Mixed Platforms.ActiveCfg = Debug|Any CPU
		{FAD0B2F1-41AA-4BF8-9E48-A3BBD0813DD4}.Debug|x86.ActiveCfg = Debug|Any CPU
		{FAD0B2F1-41AA-4BF8-9E48-A3BBD0813DD4}.Release|.NET.ActiveCfg = Release|Any CPU
		{FAD0B2F1-41AA-4BF8-9E48-A3BBD0813DD4}.Release|Any CPU.ActiveCfg = Release|Any CPU
		{FAD0B2F1-41AA-4BF8-9E48-A3BBD0813DD4}.Release|Any CPU.Build.0 = Release|Any CPU
		{FAD0B2F1-41AA-4BF8-9E48-A3BBD0813DD4}.Release|Mixed Platforms.ActiveCfg = Release|Any CPU
		{FAD0B2F1-41AA-4BF8-9E48-A3BBD0813DD4}.Release|x86.ActiveCfg = Release|Any CPU
		{1A1F4500-EBB0-49BC-AB06-CEB9FA271E98}.Debug|.NET.ActiveCfg = Debug|Any CPU
		{1A1F4500-EBB0-49BC-AB06-CEB9FA271E98}.Debug|Any CPU.ActiveCfg = Debug|Any CPU
		{1A1F4500-EBB0-49BC-AB06-CEB9FA271E98}.Debug|Mixed Platforms.ActiveCfg = Debug|Any CPU
		{1A1F4500-EBB0-49BC-AB06-CEB9FA271E98}.Debug|x86.ActiveCfg = Debug|Any CPU
		{1A1F4500-EBB0-49BC-AB06-CEB9FA271E98}.Release|.NET.ActiveCfg = Release|Any CPU
		{1A1F4500-EBB0-49BC-AB06-CEB9FA271E98}.Release|Any CPU.ActiveCfg = Release|Any CPU
		{1A1F4500-EBB0-49BC-AB06-CEB9FA271E98}.Release|Any CPU.Build.0 = Release|Any CPU
		{1A1F4500-EBB0-49BC-AB06-CEB9FA271E98}.Release|Mixed Platforms.ActiveCfg = Release|Any CPU
		{1A1F4500-EBB0-49BC-AB06-CEB9FA271E98}.Release|x86.ActiveCfg = Release|Any CPU
		{1D676563-0E9E-4E69-BA16-C8B2933447E2}.Debug|.NET.ActiveCfg = Debug|Any CPU
		{1D676563-0E9E-4E69-BA16-C8B2933447E2}.Debug|Any CPU.ActiveCfg = Debug|Any CPU
		{1D676563-0E9E-4E69-BA16-C8B2933447E2}.Debug|Mixed Platforms.ActiveCfg = Debug|Any CPU
		{1D676563-0E9E-4E69-BA16-C8B2933447E2}.Debug|x86.ActiveCfg = Debug|Any CPU
		{1D676563-0E9E-4E69-BA16-C8B2933447E2}.Release|.NET.ActiveCfg = Release|Any CPU
		{1D676563-0E9E-4E69-BA16-C8B2933447E2}.Release|Any CPU.ActiveCfg = Release|Any CPU
		{1D676563-0E9E-4E69-BA16-C8B2933447E2}.Release|Any CPU.Build.0 = Release|Any CPU
		{1D676563-0E9E-4E69-BA16-C8B2933447E2}.Release|Mixed Platforms.ActiveCfg = Release|Any CPU
		{1D676563-0E9E-4E69-BA16-C8B2933447E2}.Release|x86.ActiveCfg = Release|Any CPU
		{CE6F0A21-CDCA-4AE9-AF85-4ED2B2F60F2F}.Debug|.NET.ActiveCfg = Debug|Any CPU
		{CE6F0A21-CDCA-4AE9-AF85-4ED2B2F60F2F}.Debug|.NET.Build.0 = Debug|Any CPU
		{CE6F0A21-CDCA-4AE9-AF85-4ED2B2F60F2F}.Debug|Any CPU.ActiveCfg = Debug|Any CPU
		{CE6F0A21-CDCA-4AE9-AF85-4ED2B2F60F2F}.Debug|Any CPU.Build.0 = Debug|Any CPU
		{CE6F0A21-CDCA-4AE9-AF85-4ED2B2F60F2F}.Debug|Mixed Platforms.ActiveCfg = Debug|Any CPU
		{CE6F0A21-CDCA-4AE9-AF85-4ED2B2F60F2F}.Debug|x86.ActiveCfg = Debug|Any CPU
		{CE6F0A21-CDCA-4AE9-AF85-4ED2B2F60F2F}.Release|.NET.ActiveCfg = Debug|Any CPU
		{CE6F0A21-CDCA-4AE9-AF85-4ED2B2F60F2F}.Release|.NET.Build.0 = Debug|Any CPU
		{CE6F0A21-CDCA-4AE9-AF85-4ED2B2F60F2F}.Release|Any CPU.ActiveCfg = Debug|Any CPU
		{CE6F0A21-CDCA-4AE9-AF85-4ED2B2F60F2F}.Release|Mixed Platforms.ActiveCfg = Debug|Any CPU
		{CE6F0A21-CDCA-4AE9-AF85-4ED2B2F60F2F}.Release|Mixed Platforms.Build.0 = Debug|Any CPU
		{CE6F0A21-CDCA-4AE9-AF85-4ED2B2F60F2F}.Release|x86.ActiveCfg = Debug|Any CPU
		{CE6F0A21-CDCA-4AE9-AF85-4ED2B2F60F2F}.Release|x86.Build.0 = Debug|Any CPU
		{543C3138-094E-4885-8FDF-743416AD926C}.Debug|.NET.ActiveCfg = Debug|Any CPU
		{543C3138-094E-4885-8FDF-743416AD926C}.Debug|Any CPU.ActiveCfg = Debug|Any CPU
		{543C3138-094E-4885-8FDF-743416AD926C}.Debug|Any CPU.Build.0 = Debug|Any CPU
		{543C3138-094E-4885-8FDF-743416AD926C}.Debug|Mixed Platforms.ActiveCfg = Debug|Any CPU
		{543C3138-094E-4885-8FDF-743416AD926C}.Debug|Mixed Platforms.Build.0 = Debug|Any CPU
		{543C3138-094E-4885-8FDF-743416AD926C}.Debug|x86.ActiveCfg = Debug|Any CPU
		{543C3138-094E-4885-8FDF-743416AD926C}.Debug|x86.Build.0 = Debug|Any CPU
		{543C3138-094E-4885-8FDF-743416AD926C}.Release|.NET.ActiveCfg = Release|Any CPU
		{543C3138-094E-4885-8FDF-743416AD926C}.Release|Any CPU.ActiveCfg = Release|Any CPU
		{543C3138-094E-4885-8FDF-743416AD926C}.Release|Any CPU.Build.0 = Release|Any CPU
		{543C3138-094E-4885-8FDF-743416AD926C}.Release|Mixed Platforms.ActiveCfg = Release|Any CPU
		{543C3138-094E-4885-8FDF-743416AD926C}.Release|Mixed Platforms.Build.0 = Release|Any CPU
		{543C3138-094E-4885-8FDF-743416AD926C}.Release|x86.ActiveCfg = Release|Any CPU
		{E4486250-E5FF-46E2-BAE3-81C4CDCD3347}.Debug|.NET.ActiveCfg = Debug|Any CPU
		{E4486250-E5FF-46E2-BAE3-81C4CDCD3347}.Debug|.NET.Build.0 = Debug|Any CPU
		{E4486250-E5FF-46E2-BAE3-81C4CDCD3347}.Debug|Any CPU.ActiveCfg = Debug|Any CPU
		{E4486250-E5FF-46E2-BAE3-81C4CDCD3347}.Debug|Mixed Platforms.ActiveCfg = Debug|Any CPU
		{E4486250-E5FF-46E2-BAE3-81C4CDCD3347}.Debug|Mixed Platforms.Build.0 = Debug|Any CPU
		{E4486250-E5FF-46E2-BAE3-81C4CDCD3347}.Debug|x86.ActiveCfg = Debug|Any CPU
		{E4486250-E5FF-46E2-BAE3-81C4CDCD3347}.Release|.NET.ActiveCfg = Debug|Any CPU
		{E4486250-E5FF-46E2-BAE3-81C4CDCD3347}.Release|.NET.Build.0 = Debug|Any CPU
		{E4486250-E5FF-46E2-BAE3-81C4CDCD3347}.Release|Any CPU.ActiveCfg = Debug|Any CPU
		{E4486250-E5FF-46E2-BAE3-81C4CDCD3347}.Release|Any CPU.Build.0 = Debug|Any CPU
		{E4486250-E5FF-46E2-BAE3-81C4CDCD3347}.Release|Mixed Platforms.ActiveCfg = Debug|Any CPU
		{E4486250-E5FF-46E2-BAE3-81C4CDCD3347}.Release|Mixed Platforms.Build.0 = Debug|Any CPU
		{E4486250-E5FF-46E2-BAE3-81C4CDCD3347}.Release|x86.ActiveCfg = Debug|Any CPU
		{E4486250-E5FF-46E2-BAE3-81C4CDCD3347}.Release|x86.Build.0 = Debug|Any CPU
		{8736F688-68CE-428D-B08B-59D6B9BB0C36}.Debug|.NET.ActiveCfg = Debug|Any CPU
		{8736F688-68CE-428D-B08B-59D6B9BB0C36}.Debug|Any CPU.ActiveCfg = Debug|Any CPU
		{8736F688-68CE-428D-B08B-59D6B9BB0C36}.Debug|Mixed Platforms.ActiveCfg = Debug|Any CPU
		{8736F688-68CE-428D-B08B-59D6B9BB0C36}.Debug|Mixed Platforms.Build.0 = Debug|Any CPU
		{8736F688-68CE-428D-B08B-59D6B9BB0C36}.Debug|x86.ActiveCfg = Debug|Any CPU
		{8736F688-68CE-428D-B08B-59D6B9BB0C36}.Debug|x86.Build.0 = Debug|Any CPU
		{8736F688-68CE-428D-B08B-59D6B9BB0C36}.Release|.NET.ActiveCfg = Release|Any CPU
		{8736F688-68CE-428D-B08B-59D6B9BB0C36}.Release|Any CPU.ActiveCfg = Release|Any CPU
		{8736F688-68CE-428D-B08B-59D6B9BB0C36}.Release|Any CPU.Build.0 = Release|Any CPU
		{8736F688-68CE-428D-B08B-59D6B9BB0C36}.Release|Mixed Platforms.ActiveCfg = Release|Any CPU
		{8736F688-68CE-428D-B08B-59D6B9BB0C36}.Release|Mixed Platforms.Build.0 = Release|Any CPU
		{8736F688-68CE-428D-B08B-59D6B9BB0C36}.Release|x86.ActiveCfg = Release|Any CPU
		{23C489E5-B7B9-4F4E-97B3-EC86E92354B9}.Debug|.NET.ActiveCfg = Debug|Any CPU
		{23C489E5-B7B9-4F4E-97B3-EC86E92354B9}.Debug|.NET.Build.0 = Debug|Any CPU
		{23C489E5-B7B9-4F4E-97B3-EC86E92354B9}.Debug|Any CPU.ActiveCfg = Debug|Any CPU
		{23C489E5-B7B9-4F4E-97B3-EC86E92354B9}.Debug|Mixed Platforms.ActiveCfg = Debug|Any CPU
		{23C489E5-B7B9-4F4E-97B3-EC86E92354B9}.Debug|Mixed Platforms.Build.0 = Debug|Any CPU
		{23C489E5-B7B9-4F4E-97B3-EC86E92354B9}.Debug|x86.ActiveCfg = Debug|Any CPU
		{23C489E5-B7B9-4F4E-97B3-EC86E92354B9}.Debug|x86.Build.0 = Debug|Any CPU
		{23C489E5-B7B9-4F4E-97B3-EC86E92354B9}.Release|.NET.ActiveCfg = Release|Any CPU
		{23C489E5-B7B9-4F4E-97B3-EC86E92354B9}.Release|.NET.Build.0 = Release|Any CPU
		{23C489E5-B7B9-4F4E-97B3-EC86E92354B9}.Release|Any CPU.ActiveCfg = Release|Any CPU
		{23C489E5-B7B9-4F4E-97B3-EC86E92354B9}.Release|Any CPU.Build.0 = Release|Any CPU
		{23C489E5-B7B9-4F4E-97B3-EC86E92354B9}.Release|Mixed Platforms.ActiveCfg = Release|Any CPU
		{23C489E5-B7B9-4F4E-97B3-EC86E92354B9}.Release|Mixed Platforms.Build.0 = Release|Any CPU
		{23C489E5-B7B9-4F4E-97B3-EC86E92354B9}.Release|x86.ActiveCfg = Release|Any CPU
		{23C489E5-B7B9-4F4E-97B3-EC86E92354B9}.Release|x86.Build.0 = Release|Any CPU
		{4D3D7AD4-C682-4B06-A427-4BF11DDEB459}.Debug|.NET.ActiveCfg = Debug|Any CPU
		{4D3D7AD4-C682-4B06-A427-4BF11DDEB459}.Debug|.NET.Build.0 = Debug|Any CPU
		{4D3D7AD4-C682-4B06-A427-4BF11DDEB459}.Debug|Any CPU.ActiveCfg = Debug|Any CPU
		{4D3D7AD4-C682-4B06-A427-4BF11DDEB459}.Debug|Mixed Platforms.ActiveCfg = Debug|Any CPU
		{4D3D7AD4-C682-4B06-A427-4BF11DDEB459}.Debug|Mixed Platforms.Build.0 = Debug|Any CPU
		{4D3D7AD4-C682-4B06-A427-4BF11DDEB459}.Debug|x86.ActiveCfg = Debug|Any CPU
		{4D3D7AD4-C682-4B06-A427-4BF11DDEB459}.Debug|x86.Build.0 = Debug|Any CPU
		{4D3D7AD4-C682-4B06-A427-4BF11DDEB459}.Release|.NET.ActiveCfg = Release|Any CPU
		{4D3D7AD4-C682-4B06-A427-4BF11DDEB459}.Release|.NET.Build.0 = Release|Any CPU
		{4D3D7AD4-C682-4B06-A427-4BF11DDEB459}.Release|Any CPU.ActiveCfg = Release|Any CPU
		{4D3D7AD4-C682-4B06-A427-4BF11DDEB459}.Release|Any CPU.Build.0 = Release|Any CPU
		{4D3D7AD4-C682-4B06-A427-4BF11DDEB459}.Release|Mixed Platforms.ActiveCfg = Release|Any CPU
		{4D3D7AD4-C682-4B06-A427-4BF11DDEB459}.Release|Mixed Platforms.Build.0 = Release|Any CPU
		{4D3D7AD4-C682-4B06-A427-4BF11DDEB459}.Release|x86.ActiveCfg = Release|Any CPU
		{4D3D7AD4-C682-4B06-A427-4BF11DDEB459}.Release|x86.Build.0 = Release|Any CPU
		{470D5D71-F50D-4B6A-9867-5FDC72A47FC3}.Debug|.NET.ActiveCfg = Debug|Any CPU
		{470D5D71-F50D-4B6A-9867-5FDC72A47FC3}.Debug|.NET.Build.0 = Debug|Any CPU
		{470D5D71-F50D-4B6A-9867-5FDC72A47FC3}.Debug|Any CPU.ActiveCfg = Debug|Any CPU
		{470D5D71-F50D-4B6A-9867-5FDC72A47FC3}.Debug|Mixed Platforms.ActiveCfg = Debug|Any CPU
		{470D5D71-F50D-4B6A-9867-5FDC72A47FC3}.Debug|Mixed Platforms.Build.0 = Debug|Any CPU
		{470D5D71-F50D-4B6A-9867-5FDC72A47FC3}.Debug|x86.ActiveCfg = Debug|Any CPU
		{470D5D71-F50D-4B6A-9867-5FDC72A47FC3}.Debug|x86.Build.0 = Debug|Any CPU
		{470D5D71-F50D-4B6A-9867-5FDC72A47FC3}.Release|.NET.ActiveCfg = Release|Any CPU
		{470D5D71-F50D-4B6A-9867-5FDC72A47FC3}.Release|.NET.Build.0 = Release|Any CPU
		{470D5D71-F50D-4B6A-9867-5FDC72A47FC3}.Release|Any CPU.ActiveCfg = Release|Any CPU
		{470D5D71-F50D-4B6A-9867-5FDC72A47FC3}.Release|Any CPU.Build.0 = Release|Any CPU
		{470D5D71-F50D-4B6A-9867-5FDC72A47FC3}.Release|Mixed Platforms.ActiveCfg = Release|Any CPU
		{470D5D71-F50D-4B6A-9867-5FDC72A47FC3}.Release|Mixed Platforms.Build.0 = Release|Any CPU
		{470D5D71-F50D-4B6A-9867-5FDC72A47FC3}.Release|x86.ActiveCfg = Release|Any CPU
		{470D5D71-F50D-4B6A-9867-5FDC72A47FC3}.Release|x86.Build.0 = Release|Any CPU
		{C9B758AF-B072-4484-A98B-94447EAB7AB7}.Debug|.NET.ActiveCfg = Debug|Any CPU
		{C9B758AF-B072-4484-A98B-94447EAB7AB7}.Debug|.NET.Build.0 = Debug|Any CPU
		{C9B758AF-B072-4484-A98B-94447EAB7AB7}.Debug|Any CPU.ActiveCfg = Debug|x86
		{C9B758AF-B072-4484-A98B-94447EAB7AB7}.Debug|Any CPU.Build.0 = Debug|x86
		{C9B758AF-B072-4484-A98B-94447EAB7AB7}.Debug|Mixed Platforms.ActiveCfg = Debug|x86
		{C9B758AF-B072-4484-A98B-94447EAB7AB7}.Debug|Mixed Platforms.Build.0 = Debug|x86
		{C9B758AF-B072-4484-A98B-94447EAB7AB7}.Debug|x86.ActiveCfg = Debug|x86
		{C9B758AF-B072-4484-A98B-94447EAB7AB7}.Debug|x86.Build.0 = Debug|x86
		{C9B758AF-B072-4484-A98B-94447EAB7AB7}.Release|.NET.ActiveCfg = Release|Any CPU
		{C9B758AF-B072-4484-A98B-94447EAB7AB7}.Release|.NET.Build.0 = Release|Any CPU
		{C9B758AF-B072-4484-A98B-94447EAB7AB7}.Release|Any CPU.ActiveCfg = Release|Any CPU
		{C9B758AF-B072-4484-A98B-94447EAB7AB7}.Release|Any CPU.Build.0 = Release|Any CPU
		{C9B758AF-B072-4484-A98B-94447EAB7AB7}.Release|Mixed Platforms.ActiveCfg = Release|x86
		{C9B758AF-B072-4484-A98B-94447EAB7AB7}.Release|Mixed Platforms.Build.0 = Release|x86
		{C9B758AF-B072-4484-A98B-94447EAB7AB7}.Release|x86.ActiveCfg = Release|x86
		{C9B758AF-B072-4484-A98B-94447EAB7AB7}.Release|x86.Build.0 = Release|x86
		{22E53774-3EA4-439C-9728-28EDD4BC704A}.Debug|.NET.ActiveCfg = Debug|Any CPU
		{22E53774-3EA4-439C-9728-28EDD4BC704A}.Debug|.NET.Build.0 = Debug|Any CPU
		{22E53774-3EA4-439C-9728-28EDD4BC704A}.Debug|Any CPU.ActiveCfg = Debug|Any CPU
		{22E53774-3EA4-439C-9728-28EDD4BC704A}.Debug|Mixed Platforms.ActiveCfg = Debug|Any CPU
		{22E53774-3EA4-439C-9728-28EDD4BC704A}.Debug|Mixed Platforms.Build.0 = Debug|Any CPU
		{22E53774-3EA4-439C-9728-28EDD4BC704A}.Debug|x86.ActiveCfg = Debug|Any CPU
		{22E53774-3EA4-439C-9728-28EDD4BC704A}.Debug|x86.Build.0 = Debug|Any CPU
		{22E53774-3EA4-439C-9728-28EDD4BC704A}.Release|.NET.ActiveCfg = Release|Any CPU
		{22E53774-3EA4-439C-9728-28EDD4BC704A}.Release|.NET.Build.0 = Release|Any CPU
		{22E53774-3EA4-439C-9728-28EDD4BC704A}.Release|Any CPU.ActiveCfg = Release|Any CPU
		{22E53774-3EA4-439C-9728-28EDD4BC704A}.Release|Any CPU.Build.0 = Release|Any CPU
		{22E53774-3EA4-439C-9728-28EDD4BC704A}.Release|Mixed Platforms.ActiveCfg = Release|Any CPU
		{22E53774-3EA4-439C-9728-28EDD4BC704A}.Release|Mixed Platforms.Build.0 = Release|Any CPU
		{22E53774-3EA4-439C-9728-28EDD4BC704A}.Release|x86.ActiveCfg = Release|Any CPU
		{22E53774-3EA4-439C-9728-28EDD4BC704A}.Release|x86.Build.0 = Release|Any CPU
	EndGlobalSection
	GlobalSection(SolutionProperties) = preSolution
		HideSolutionNode = FALSE
	EndGlobalSection
	GlobalSection(SourceCodeControl) = preSolution
		SccNumberOfProjects = 4
		SccWebProject0 = true
		SccProjectUniqueName0 = CJ.JSON
		SccProjectName0 = \u0022$/CasperJet\u0022,\u0020BAAAAAAA
		SccLocalPath0 = .
		SccProvider0 = MSSCCI:Microsoft\u0020Visual\u0020SourceSafe
		CanCheckoutShared = false
		SccProjectFilePathRelativizedFromConnection0 = CJ.JSON\\
		SccProjectEnlistmentChoice0 = 2
		SccWebProject1 = true
		SccProjectUniqueName1 = CJ.Web.POS
		SccProjectName1 = \u0022$/CasperJet\u0022,\u0020BAAAAAAA
		SccLocalPath1 = .
		SccProvider1 = MSSCCI:Microsoft\u0020Visual\u0020SourceSafe
		SccProjectFilePathRelativizedFromConnection1 = CJ.Web.POS\\
		SccProjectEnlistmentChoice1 = 2
		SccWebProject2 = true
		SccProjectUniqueName2 = CJ.Web
		SccProjectName2 = \u0022$/CasperJet\u0022,\u0020BAAAAAAA
		SccLocalPath2 = .
		SccProvider2 = MSSCCI:Microsoft\u0020Visual\u0020SourceSafe
		SccProjectFilePathRelativizedFromConnection2 = CJ.Web\\
		SccProjectEnlistmentChoice2 = 2
		SccWebProject3 = true
		SccProjectUniqueName3 = CJ.WS
		SccProjectName3 = \u0022$/CasperJet\u0022,\u0020BAAAAAAA
		SccLocalPath3 = .
		SccProvider3 = MSSCCI:Microsoft\u0020Visual\u0020SourceSafe
		SccProjectFilePathRelativizedFromConnection3 = CJ.WS\\
		SccProjectEnlistmentChoice3 = 2
	EndGlobalSection
EndGlobal
